
Microsoft Visual Studio Solution File, Format Version 12.00
# Visual Studio Version 16
VisualStudioVersion = 16.0.28729.10
MinimumVisualStudioVersion = 10.0.40219.1
Project("{FAE04EC0-301F-11D3-BF4B-00C04F79EFBC}") = "SecurityDoors.App", "SecurityDoors.App\SecurityDoors.App.csproj", "{E740ED6C-777C-403E-A6FE-0782B5B68EBD}"
EndProject
Project("{FAE04EC0-301F-11D3-BF4B-00C04F79EFBC}") = "SecurityDoors.DataAccessLayer", "SecurityDoors.DataAccessLayer\SecurityDoors.DataAccessLayer.csproj", "{E666A4E4-6FB9-4462-A2F8-379A6CFED9D1}"
EndProject
Project("{FAE04EC0-301F-11D3-BF4B-00C04F79EFBC}") = "SecurityDoors.BusinessLogicLayer", "SecurityDoors.BusinessLogicLayer\SecurityDoors.BusinessLogicLayer.csproj", "{870072AC-67CB-4EE2-975C-45403603AEB3}"
EndProject
Global
	GlobalSection(SolutionConfigurationPlatforms) = preSolution
		Debug|Any CPU = Debug|Any CPU
		Release|Any CPU = Release|Any CPU
	EndGlobalSection
	GlobalSection(ProjectConfigurationPlatforms) = postSolution
		{E740ED6C-777C-403E-A6FE-0782B5B68EBD}.Debug|Any CPU.ActiveCfg = Debug|Any CPU
		{E740ED6C-777C-403E-A6FE-0782B5B68EBD}.Debug|Any CPU.Build.0 = Debug|Any CPU
		{E740ED6C-777C-403E-A6FE-0782B5B68EBD}.Release|Any CPU.ActiveCfg = Release|Any CPU
		{E740ED6C-777C-403E-A6FE-0782B5B68EBD}.Release|Any CPU.Build.0 = Release|Any CPU
		{E666A4E4-6FB9-4462-A2F8-379A6CFED9D1}.Debug|Any CPU.ActiveCfg = Debug|Any CPU
		{E666A4E4-6FB9-4462-A2F8-379A6CFED9D1}.Debug|Any CPU.Build.0 = Debug|Any CPU
		{E666A4E4-6FB9-4462-A2F8-379A6CFED9D1}.Release|Any CPU.ActiveCfg = Release|Any CPU
		{E666A4E4-6FB9-4462-A2F8-379A6CFED9D1}.Release|Any CPU.Build.0 = Release|Any CPU
		{870072AC-67CB-4EE2-975C-45403603AEB3}.Debug|Any CPU.ActiveCfg = Debug|Any CPU
		{870072AC-67CB-4EE2-975C-45403603AEB3}.Debug|Any CPU.Build.0 = Debug|Any CPU
		{870072AC-67CB-4EE2-975C-45403603AEB3}.Release|Any CPU.ActiveCfg = Release|Any CPU
		{870072AC-67CB-4EE2-975C-45403603AEB3}.Release|Any CPU.Build.0 = Release|Any CPU
	EndGlobalSection
	GlobalSection(SolutionProperties) = preSolution
		HideSolutionNode = FALSE
	EndGlobalSection
	GlobalSection(ExtensibilityGlobals) = postSolution
		SolutionGuid = {ED1B65BA-7AF0-48A3-93B7-49BD6913605D}
	EndGlobalSection
EndGlobal
