
Microsoft Visual Studio Solution File, Format Version 12.00
# Visual Studio Version 16
VisualStudioVersion = 16.0.28729.10
MinimumVisualStudioVersion = 10.0.40219.1
Project("{9A19103F-16F7-4668-BE54-9A1E7A4F7556}") = "Secure.SecurityDoors.Data", "src\Secure.SecurityDoors.Data\Secure.SecurityDoors.Data.csproj", "{7A2D8AD8-A2E7-48E5-A812-4E02AD649889}"
EndProject
Project("{9A19103F-16F7-4668-BE54-9A1E7A4F7556}") = "Secure.SecurityDoors.Logic", "src\Secure.SecurityDoors.Logic\Secure.SecurityDoors.Logic.csproj", "{60ED63C4-C2F2-486D-B7B9-D701D52B66F3}"
EndProject
Project("{9A19103F-16F7-4668-BE54-9A1E7A4F7556}") = "Secure.SecurityDoors.Logic.Tests", "src\Secure.SecurityDoors.Logic.Tests\Secure.SecurityDoors.Logic.Tests.csproj", "{99634C02-DA73-4A79-960E-659B243B964F}"
EndProject
Project("{9A19103F-16F7-4668-BE54-9A1E7A4F7556}") = "Secure.SecurityDoors.Web", "src\Secure.SecurityDoors.Web\Secure.SecurityDoors.Web.csproj", "{02235C50-2EF0-46C3-A113-E72942EEEDA4}"
EndProject
Project("{9A19103F-16F7-4668-BE54-9A1E7A4F7556}") = "Secure.SecurityDoors.DatabaseSeed", "src\Secure.SecurityDoors.DatabaseSeed\Secure.SecurityDoors.DatabaseSeed.csproj", "{AD0F5E73-5A5A-493F-B6CB-4B39C1AFD769}"
EndProject
Project("{9A19103F-16F7-4668-BE54-9A1E7A4F7556}") = "Secure.SecurityDoors.Api", "src\Secure.SecurityDoors.Api\Secure.SecurityDoors.Api.csproj", "{0D33AC9D-3758-4052-BE34-984F972B887A}"
EndProject
Project("{9A19103F-16F7-4668-BE54-9A1E7A4F7556}") = "Secure.SecurityDoors.Controller", "src\Secure.SecurityDoors.Controller\Secure.SecurityDoors.Controller.csproj", "{246EB8FB-C256-44C8-AC6E-5FE1F2D699D7}"
EndProject
Project("{9A19103F-16F7-4668-BE54-9A1E7A4F7556}") = "Secure.SecurityDoors.Shared", "src\Secure.SecurityDoors.Shared\Secure.SecurityDoors.Shared.csproj", "{EDC56A91-202D-40CE-998E-B4DC5465D407}"
EndProject
Project("{9A19103F-16F7-4668-BE54-9A1E7A4F7556}") = "Secure.SecurityDoors.PdfLibrary", "src\Secure.SecurityDoors.PdfLibrary\Secure.SecurityDoors.PdfLibrary.csproj", "{7B63EF9B-8BFC-4496-A95C-80D11EEDB1B0}"
EndProject
Project("{2150E333-8FDC-42A3-9474-1A3956D46DE8}") = "Solution Items", "Solution Items", "{5EAF891A-62BE-4B5A-AB89-0A826F5186E7}"
	ProjectSection(SolutionItems) = preProject
		.editorconfig = .editorconfig
		.gitattributes = .gitattributes
		.gitignore = .gitignore
		LICENSE = LICENSE
		README.md = README.md
	EndProjectSection
EndProject
Global
	GlobalSection(SolutionConfigurationPlatforms) = preSolution
		Debug|Any CPU = Debug|Any CPU
		Debug|x64 = Debug|x64
		Release|Any CPU = Release|Any CPU
		Release|x64 = Release|x64
	EndGlobalSection
	GlobalSection(ProjectConfigurationPlatforms) = postSolution
		{7A2D8AD8-A2E7-48E5-A812-4E02AD649889}.Debug|Any CPU.ActiveCfg = Debug|Any CPU
		{7A2D8AD8-A2E7-48E5-A812-4E02AD649889}.Debug|Any CPU.Build.0 = Debug|Any CPU
		{7A2D8AD8-A2E7-48E5-A812-4E02AD649889}.Debug|x64.ActiveCfg = Debug|Any CPU
		{7A2D8AD8-A2E7-48E5-A812-4E02AD649889}.Debug|x64.Build.0 = Debug|Any CPU
		{7A2D8AD8-A2E7-48E5-A812-4E02AD649889}.Release|Any CPU.ActiveCfg = Release|Any CPU
		{7A2D8AD8-A2E7-48E5-A812-4E02AD649889}.Release|Any CPU.Build.0 = Release|Any CPU
		{7A2D8AD8-A2E7-48E5-A812-4E02AD649889}.Release|x64.ActiveCfg = Release|Any CPU
		{7A2D8AD8-A2E7-48E5-A812-4E02AD649889}.Release|x64.Build.0 = Release|Any CPU
		{60ED63C4-C2F2-486D-B7B9-D701D52B66F3}.Debug|Any CPU.ActiveCfg = Debug|Any CPU
		{60ED63C4-C2F2-486D-B7B9-D701D52B66F3}.Debug|Any CPU.Build.0 = Debug|Any CPU
		{60ED63C4-C2F2-486D-B7B9-D701D52B66F3}.Debug|x64.ActiveCfg = Debug|Any CPU
		{60ED63C4-C2F2-486D-B7B9-D701D52B66F3}.Debug|x64.Build.0 = Debug|Any CPU
		{60ED63C4-C2F2-486D-B7B9-D701D52B66F3}.Release|Any CPU.ActiveCfg = Release|Any CPU
		{60ED63C4-C2F2-486D-B7B9-D701D52B66F3}.Release|Any CPU.Build.0 = Release|Any CPU
		{60ED63C4-C2F2-486D-B7B9-D701D52B66F3}.Release|x64.ActiveCfg = Release|Any CPU
		{60ED63C4-C2F2-486D-B7B9-D701D52B66F3}.Release|x64.Build.0 = Release|Any CPU
		{99634C02-DA73-4A79-960E-659B243B964F}.Debug|Any CPU.ActiveCfg = Debug|Any CPU
		{99634C02-DA73-4A79-960E-659B243B964F}.Debug|Any CPU.Build.0 = Debug|Any CPU
		{99634C02-DA73-4A79-960E-659B243B964F}.Debug|x64.ActiveCfg = Debug|Any CPU
		{99634C02-DA73-4A79-960E-659B243B964F}.Debug|x64.Build.0 = Debug|Any CPU
		{99634C02-DA73-4A79-960E-659B243B964F}.Release|Any CPU.ActiveCfg = Release|Any CPU
		{99634C02-DA73-4A79-960E-659B243B964F}.Release|Any CPU.Build.0 = Release|Any CPU
		{99634C02-DA73-4A79-960E-659B243B964F}.Release|x64.ActiveCfg = Release|Any CPU
		{99634C02-DA73-4A79-960E-659B243B964F}.Release|x64.Build.0 = Release|Any CPU
		{02235C50-2EF0-46C3-A113-E72942EEEDA4}.Debug|Any CPU.ActiveCfg = Debug|Any CPU
		{02235C50-2EF0-46C3-A113-E72942EEEDA4}.Debug|Any CPU.Build.0 = Debug|Any CPU
		{02235C50-2EF0-46C3-A113-E72942EEEDA4}.Debug|x64.ActiveCfg = Debug|Any CPU
		{02235C50-2EF0-46C3-A113-E72942EEEDA4}.Debug|x64.Build.0 = Debug|Any CPU
		{02235C50-2EF0-46C3-A113-E72942EEEDA4}.Release|Any CPU.ActiveCfg = Release|Any CPU
		{02235C50-2EF0-46C3-A113-E72942EEEDA4}.Release|Any CPU.Build.0 = Release|Any CPU
		{02235C50-2EF0-46C3-A113-E72942EEEDA4}.Release|x64.ActiveCfg = Release|Any CPU
		{02235C50-2EF0-46C3-A113-E72942EEEDA4}.Release|x64.Build.0 = Release|Any CPU
		{AD0F5E73-5A5A-493F-B6CB-4B39C1AFD769}.Debug|Any CPU.ActiveCfg = Debug|Any CPU
		{AD0F5E73-5A5A-493F-B6CB-4B39C1AFD769}.Debug|Any CPU.Build.0 = Debug|Any CPU
		{AD0F5E73-5A5A-493F-B6CB-4B39C1AFD769}.Debug|x64.ActiveCfg = Debug|Any CPU
		{AD0F5E73-5A5A-493F-B6CB-4B39C1AFD769}.Debug|x64.Build.0 = Debug|Any CPU
		{AD0F5E73-5A5A-493F-B6CB-4B39C1AFD769}.Release|Any CPU.ActiveCfg = Release|Any CPU
		{AD0F5E73-5A5A-493F-B6CB-4B39C1AFD769}.Release|Any CPU.Build.0 = Release|Any CPU
		{AD0F5E73-5A5A-493F-B6CB-4B39C1AFD769}.Release|x64.ActiveCfg = Release|Any CPU
		{AD0F5E73-5A5A-493F-B6CB-4B39C1AFD769}.Release|x64.Build.0 = Release|Any CPU
		{0D33AC9D-3758-4052-BE34-984F972B887A}.Debug|Any CPU.ActiveCfg = Debug|Any CPU
		{0D33AC9D-3758-4052-BE34-984F972B887A}.Debug|Any CPU.Build.0 = Debug|Any CPU
		{0D33AC9D-3758-4052-BE34-984F972B887A}.Debug|x64.ActiveCfg = Debug|Any CPU
		{0D33AC9D-3758-4052-BE34-984F972B887A}.Debug|x64.Build.0 = Debug|Any CPU
		{0D33AC9D-3758-4052-BE34-984F972B887A}.Release|Any CPU.ActiveCfg = Release|Any CPU
		{0D33AC9D-3758-4052-BE34-984F972B887A}.Release|Any CPU.Build.0 = Release|Any CPU
		{0D33AC9D-3758-4052-BE34-984F972B887A}.Release|x64.ActiveCfg = Release|Any CPU
		{0D33AC9D-3758-4052-BE34-984F972B887A}.Release|x64.Build.0 = Release|Any CPU
		{246EB8FB-C256-44C8-AC6E-5FE1F2D699D7}.Debug|Any CPU.ActiveCfg = Debug|Any CPU
		{246EB8FB-C256-44C8-AC6E-5FE1F2D699D7}.Debug|Any CPU.Build.0 = Debug|Any CPU
		{246EB8FB-C256-44C8-AC6E-5FE1F2D699D7}.Debug|x64.ActiveCfg = Debug|Any CPU
		{246EB8FB-C256-44C8-AC6E-5FE1F2D699D7}.Debug|x64.Build.0 = Debug|Any CPU
		{246EB8FB-C256-44C8-AC6E-5FE1F2D699D7}.Release|Any CPU.ActiveCfg = Release|Any CPU
		{246EB8FB-C256-44C8-AC6E-5FE1F2D699D7}.Release|Any CPU.Build.0 = Release|Any CPU
		{246EB8FB-C256-44C8-AC6E-5FE1F2D699D7}.Release|x64.ActiveCfg = Release|Any CPU
		{246EB8FB-C256-44C8-AC6E-5FE1F2D699D7}.Release|x64.Build.0 = Release|Any CPU
		{EDC56A91-202D-40CE-998E-B4DC5465D407}.Debug|Any CPU.ActiveCfg = Debug|Any CPU
		{EDC56A91-202D-40CE-998E-B4DC5465D407}.Debug|Any CPU.Build.0 = Debug|Any CPU
		{EDC56A91-202D-40CE-998E-B4DC5465D407}.Debug|x64.ActiveCfg = Debug|Any CPU
		{EDC56A91-202D-40CE-998E-B4DC5465D407}.Debug|x64.Build.0 = Debug|Any CPU
		{EDC56A91-202D-40CE-998E-B4DC5465D407}.Release|Any CPU.ActiveCfg = Release|Any CPU
		{EDC56A91-202D-40CE-998E-B4DC5465D407}.Release|Any CPU.Build.0 = Release|Any CPU
		{EDC56A91-202D-40CE-998E-B4DC5465D407}.Release|x64.ActiveCfg = Release|Any CPU
		{EDC56A91-202D-40CE-998E-B4DC5465D407}.Release|x64.Build.0 = Release|Any CPU
		{7B63EF9B-8BFC-4496-A95C-80D11EEDB1B0}.Debug|Any CPU.ActiveCfg = Debug|Any CPU
		{7B63EF9B-8BFC-4496-A95C-80D11EEDB1B0}.Debug|Any CPU.Build.0 = Debug|Any CPU
		{7B63EF9B-8BFC-4496-A95C-80D11EEDB1B0}.Debug|x64.ActiveCfg = Debug|Any CPU
		{7B63EF9B-8BFC-4496-A95C-80D11EEDB1B0}.Debug|x64.Build.0 = Debug|Any CPU
		{7B63EF9B-8BFC-4496-A95C-80D11EEDB1B0}.Release|Any CPU.ActiveCfg = Release|Any CPU
		{7B63EF9B-8BFC-4496-A95C-80D11EEDB1B0}.Release|Any CPU.Build.0 = Release|Any CPU
		{7B63EF9B-8BFC-4496-A95C-80D11EEDB1B0}.Release|x64.ActiveCfg = Release|Any CPU
		{7B63EF9B-8BFC-4496-A95C-80D11EEDB1B0}.Release|x64.Build.0 = Release|Any CPU
	EndGlobalSection
	GlobalSection(SolutionProperties) = preSolution
		HideSolutionNode = FALSE
	EndGlobalSection
	GlobalSection(ExtensibilityGlobals) = postSolution
		SolutionGuid = {ED1B65BA-7AF0-48A3-93B7-49BD6913605D}
	EndGlobalSection
EndGlobal
